
Microsoft Visual Studio Solution File, Format Version 12.00
# Visual Studio 2013
VisualStudioVersion = 12.0.30723.0
MinimumVisualStudioVersion = 10.0.40219.1
Project("{FAE04EC0-301F-11D3-BF4B-00C04F79EFBC}") = "ChannelAdvisorAccess", "ChannelAdvisorAccess\ChannelAdvisorAccess.csproj", "{88234B75-15F8-49E7-A7A9-833916FA20CA}"
EndProject
Project("{FAE04EC0-301F-11D3-BF4B-00C04F79EFBC}") = "ChannelAdvisorAccessTests", "ChannelAdvisorAccessTests\ChannelAdvisorAccessTests.csproj", "{F091FD0C-8054-4449-9F4A-466EF07D726F}"
EndProject
Global
	GlobalSection(SolutionConfigurationPlatforms) = preSolution
		Debug|Any CPU = Debug|Any CPU
		Release|Any CPU = Release|Any CPU
	EndGlobalSection
	GlobalSection(ProjectConfigurationPlatforms) = postSolution
		{88234B75-15F8-49E7-A7A9-833916FA20CA}.Debug|Any CPU.ActiveCfg = Debug|Any CPU
		{88234B75-15F8-49E7-A7A9-833916FA20CA}.Debug|Any CPU.Build.0 = Debug|Any CPU
		{88234B75-15F8-49E7-A7A9-833916FA20CA}.Release|Any CPU.ActiveCfg = Release|Any CPU
		{88234B75-15F8-49E7-A7A9-833916FA20CA}.Release|Any CPU.Build.0 = Release|Any CPU
		{F091FD0C-8054-4449-9F4A-466EF07D726F}.Debug|Any CPU.ActiveCfg = Debug|Any CPU
		{F091FD0C-8054-4449-9F4A-466EF07D726F}.Debug|Any CPU.Build.0 = Debug|Any CPU
		{F091FD0C-8054-4449-9F4A-466EF07D726F}.Release|Any CPU.ActiveCfg = Release|Any CPU
		{F091FD0C-8054-4449-9F4A-466EF07D726F}.Release|Any CPU.Build.0 = Release|Any CPU
	EndGlobalSection
	GlobalSection(SolutionProperties) = preSolution
		HideSolutionNode = FALSE
	EndGlobalSection
EndGlobal
